// !$*UTF8*$!
{
	archiveVersion = 1;
	classes = {
	};
	objectVersion = 46;
	objects = {

/* Begin PBXBuildFile section */
		F43C6AB119548B0F008858FC /* CreditCardView.m in Sources */ = {isa = PBXBuildFile; fileRef = F43C6AB019548B0F008858FC /* CreditCardView.m */; };
		F4439545195258C200C3AE84 /* Foundation.framework in Frameworks */ = {isa = PBXBuildFile; fileRef = F4439544195258C200C3AE84 /* Foundation.framework */; };
		F4439547195258C200C3AE84 /* CoreGraphics.framework in Frameworks */ = {isa = PBXBuildFile; fileRef = F4439546195258C200C3AE84 /* CoreGraphics.framework */; };
		F4439549195258C200C3AE84 /* UIKit.framework in Frameworks */ = {isa = PBXBuildFile; fileRef = F4439548195258C200C3AE84 /* UIKit.framework */; };
		F443954F195258C200C3AE84 /* InfoPlist.strings in Resources */ = {isa = PBXBuildFile; fileRef = F443954D195258C200C3AE84 /* InfoPlist.strings */; };
		F4439551195258C200C3AE84 /* main.m in Sources */ = {isa = PBXBuildFile; fileRef = F4439550195258C200C3AE84 /* main.m */; };
		F4439555195258C200C3AE84 /* AppDelegate.m in Sources */ = {isa = PBXBuildFile; fileRef = F4439554195258C200C3AE84 /* AppDelegate.m */; };
		F4439558195258C200C3AE84 /* Main.storyboard in Resources */ = {isa = PBXBuildFile; fileRef = F4439556195258C200C3AE84 /* Main.storyboard */; };
		F443955B195258C200C3AE84 /* ViewController.m in Sources */ = {isa = PBXBuildFile; fileRef = F443955A195258C200C3AE84 /* ViewController.m */; };
		F443955D195258C200C3AE84 /* Images.xcassets in Resources */ = {isa = PBXBuildFile; fileRef = F443955C195258C200C3AE84 /* Images.xcassets */; };
		F4439564195258C200C3AE84 /* XCTest.framework in Frameworks */ = {isa = PBXBuildFile; fileRef = F4439563195258C200C3AE84 /* XCTest.framework */; };
		F4439565195258C200C3AE84 /* Foundation.framework in Frameworks */ = {isa = PBXBuildFile; fileRef = F4439544195258C200C3AE84 /* Foundation.framework */; };
		F4439566195258C200C3AE84 /* UIKit.framework in Frameworks */ = {isa = PBXBuildFile; fileRef = F4439548195258C200C3AE84 /* UIKit.framework */; };
		F443956E195258C200C3AE84 /* InfoPlist.strings in Resources */ = {isa = PBXBuildFile; fileRef = F443956C195258C200C3AE84 /* InfoPlist.strings */; };
		F4439570195258C200C3AE84 /* CreditCardTests.m in Sources */ = {isa = PBXBuildFile; fileRef = F443956F195258C200C3AE84 /* CreditCardTests.m */; };
/* End PBXBuildFile section */

/* Begin PBXContainerItemProxy section */
		F4439567195258C200C3AE84 /* PBXContainerItemProxy */ = {
			isa = PBXContainerItemProxy;
			containerPortal = F4439539195258C200C3AE84 /* Project object */;
			proxyType = 1;
			remoteGlobalIDString = F4439540195258C200C3AE84;
			remoteInfo = CreditCard;
		};
/* End PBXContainerItemProxy section */

/* Begin PBXFileReference section */
		F43C6AAF19548B0F008858FC /* CreditCardView.h */ = {isa = PBXFileReference; fileEncoding = 4; lastKnownFileType = sourcecode.c.h; path = CreditCardView.h; sourceTree = SOURCE_ROOT; };
		F43C6AB019548B0F008858FC /* CreditCardView.m */ = {isa = PBXFileReference; fileEncoding = 4; lastKnownFileType = sourcecode.c.objc; path = CreditCardView.m; sourceTree = SOURCE_ROOT; };
		F4439541195258C200C3AE84 /* CreditCard.app */ = {isa = PBXFileReference; explicitFileType = wrapper.application; includeInIndex = 0; path = CreditCard.app; sourceTree = BUILT_PRODUCTS_DIR; };
		F4439544195258C200C3AE84 /* Foundation.framework */ = {isa = PBXFileReference; lastKnownFileType = wrapper.framework; name = Foundation.framework; path = System/Library/Frameworks/Foundation.framework; sourceTree = SDKROOT; };
		F4439546195258C200C3AE84 /* CoreGraphics.framework */ = {isa = PBXFileReference; lastKnownFileType = wrapper.framework; name = CoreGraphics.framework; path = System/Library/Frameworks/CoreGraphics.framework; sourceTree = SDKROOT; };
		F4439548195258C200C3AE84 /* UIKit.framework */ = {isa = PBXFileReference; lastKnownFileType = wrapper.framework; name = UIKit.framework; path = System/Library/Frameworks/UIKit.framework; sourceTree = SDKROOT; };
		F443954C195258C200C3AE84 /* CreditCard-Info.plist */ = {isa = PBXFileReference; lastKnownFileType = text.plist.xml; path = "CreditCard-Info.plist"; sourceTree = "<group>"; };
		F443954E195258C200C3AE84 /* en */ = {isa = PBXFileReference; lastKnownFileType = text.plist.strings; name = en; path = en.lproj/InfoPlist.strings; sourceTree = "<group>"; };
		F4439550195258C200C3AE84 /* main.m */ = {isa = PBXFileReference; lastKnownFileType = sourcecode.c.objc; path = main.m; sourceTree = "<group>"; };
		F4439552195258C200C3AE84 /* CreditCard-Prefix.pch */ = {isa = PBXFileReference; lastKnownFileType = sourcecode.c.h; path = "CreditCard-Prefix.pch"; sourceTree = "<group>"; };
		F4439553195258C200C3AE84 /* AppDelegate.h */ = {isa = PBXFileReference; lastKnownFileType = sourcecode.c.h; path = AppDelegate.h; sourceTree = "<group>"; };
		F4439554195258C200C3AE84 /* AppDelegate.m */ = {isa = PBXFileReference; lastKnownFileType = sourcecode.c.objc; path = AppDelegate.m; sourceTree = "<group>"; };
		F4439557195258C200C3AE84 /* Base */ = {isa = PBXFileReference; lastKnownFileType = file.storyboard; name = Base; path = Base.lproj/Main.storyboard; sourceTree = "<group>"; };
		F4439559195258C200C3AE84 /* ViewController.h */ = {isa = PBXFileReference; lastKnownFileType = sourcecode.c.h; path = ViewController.h; sourceTree = "<group>"; };
		F443955A195258C200C3AE84 /* ViewController.m */ = {isa = PBXFileReference; lastKnownFileType = sourcecode.c.objc; path = ViewController.m; sourceTree = "<group>"; };
		F443955C195258C200C3AE84 /* Images.xcassets */ = {isa = PBXFileReference; lastKnownFileType = folder.assetcatalog; path = Images.xcassets; sourceTree = "<group>"; };
		F4439562195258C200C3AE84 /* CreditCardTests.xctest */ = {isa = PBXFileReference; explicitFileType = wrapper.cfbundle; includeInIndex = 0; path = CreditCardTests.xctest; sourceTree = BUILT_PRODUCTS_DIR; };
		F4439563195258C200C3AE84 /* XCTest.framework */ = {isa = PBXFileReference; lastKnownFileType = wrapper.framework; name = XCTest.framework; path = Library/Frameworks/XCTest.framework; sourceTree = DEVELOPER_DIR; };
		F443956B195258C200C3AE84 /* CreditCardTests-Info.plist */ = {isa = PBXFileReference; lastKnownFileType = text.plist.xml; path = "CreditCardTests-Info.plist"; sourceTree = "<group>"; };
		F443956D195258C200C3AE84 /* en */ = {isa = PBXFileReference; lastKnownFileType = text.plist.strings; name = en; path = en.lproj/InfoPlist.strings; sourceTree = "<group>"; };
		F443956F195258C200C3AE84 /* CreditCardTests.m */ = {isa = PBXFileReference; lastKnownFileType = sourcecode.c.objc; path = CreditCardTests.m; sourceTree = "<group>"; };
/* End PBXFileReference section */

/* Begin PBXFrameworksBuildPhase section */
		F443953E195258C200C3AE84 /* Frameworks */ = {
			isa = PBXFrameworksBuildPhase;
			buildActionMask = 2147483647;
			files = (
				F4439547195258C200C3AE84 /* CoreGraphics.framework in Frameworks */,
				F4439549195258C200C3AE84 /* UIKit.framework in Frameworks */,
				F4439545195258C200C3AE84 /* Foundation.framework in Frameworks */,
			);
			runOnlyForDeploymentPostprocessing = 0;
		};
		F443955F195258C200C3AE84 /* Frameworks */ = {
			isa = PBXFrameworksBuildPhase;
			buildActionMask = 2147483647;
			files = (
				F4439564195258C200C3AE84 /* XCTest.framework in Frameworks */,
				F4439566195258C200C3AE84 /* UIKit.framework in Frameworks */,
				F4439565195258C200C3AE84 /* Foundation.framework in Frameworks */,
			);
			runOnlyForDeploymentPostprocessing = 0;
		};
/* End PBXFrameworksBuildPhase section */

/* Begin PBXGroup section */
		F4439538195258C200C3AE84 = {
			isa = PBXGroup;
			children = (
				F443954A195258C200C3AE84 /* CreditCard */,
				F4439569195258C200C3AE84 /* CreditCardTests */,
				F4439543195258C200C3AE84 /* Frameworks */,
				F4439542195258C200C3AE84 /* Products */,
			);
			sourceTree = "<group>";
		};
		F4439542195258C200C3AE84 /* Products */ = {
			isa = PBXGroup;
			children = (
				F4439541195258C200C3AE84 /* CreditCard.app */,
				F4439562195258C200C3AE84 /* CreditCardTests.xctest */,
			);
			name = Products;
			sourceTree = "<group>";
		};
		F4439543195258C200C3AE84 /* Frameworks */ = {
			isa = PBXGroup;
			children = (
				F4439544195258C200C3AE84 /* Foundation.framework */,
				F4439546195258C200C3AE84 /* CoreGraphics.framework */,
				F4439548195258C200C3AE84 /* UIKit.framework */,
				F4439563195258C200C3AE84 /* XCTest.framework */,
			);
			name = Frameworks;
			sourceTree = "<group>";
		};
		F443954A195258C200C3AE84 /* CreditCard */ = {
			isa = PBXGroup;
			children = (
				F443955C195258C200C3AE84 /* Images.xcassets */,
				F43C6AAF19548B0F008858FC /* CreditCardView.h */,
				F43C6AB019548B0F008858FC /* CreditCardView.m */,
				F4439553195258C200C3AE84 /* AppDelegate.h */,
				F4439554195258C200C3AE84 /* AppDelegate.m */,
				F4439556195258C200C3AE84 /* Main.storyboard */,
				F4439559195258C200C3AE84 /* ViewController.h */,
				F443955A195258C200C3AE84 /* ViewController.m */,
				F443954B195258C200C3AE84 /* Supporting Files */,
			);
			path = CreditCard;
			sourceTree = "<group>";
		};
		F443954B195258C200C3AE84 /* Supporting Files */ = {
			isa = PBXGroup;
			children = (
				F443954C195258C200C3AE84 /* CreditCard-Info.plist */,
				F443954D195258C200C3AE84 /* InfoPlist.strings */,
				F4439550195258C200C3AE84 /* main.m */,
				F4439552195258C200C3AE84 /* CreditCard-Prefix.pch */,
			);
			name = "Supporting Files";
			sourceTree = "<group>";
		};
		F4439569195258C200C3AE84 /* CreditCardTests */ = {
			isa = PBXGroup;
			children = (
				F443956F195258C200C3AE84 /* CreditCardTests.m */,
				F443956A195258C200C3AE84 /* Supporting Files */,
			);
			path = CreditCardTests;
			sourceTree = "<group>";
		};
		F443956A195258C200C3AE84 /* Supporting Files */ = {
			isa = PBXGroup;
			children = (
				F443956B195258C200C3AE84 /* CreditCardTests-Info.plist */,
				F443956C195258C200C3AE84 /* InfoPlist.strings */,
			);
			name = "Supporting Files";
			sourceTree = "<group>";
		};
/* End PBXGroup section */

/* Begin PBXNativeTarget section */
		F4439540195258C200C3AE84 /* CreditCard */ = {
			isa = PBXNativeTarget;
			buildConfigurationList = F4439573195258C200C3AE84 /* Build configuration list for PBXNativeTarget "CreditCard" */;
			buildPhases = (
				F443953D195258C200C3AE84 /* Sources */,
				F443953E195258C200C3AE84 /* Frameworks */,
				F443953F195258C200C3AE84 /* Resources */,
			);
			buildRules = (
			);
			dependencies = (
			);
			name = CreditCard;
			productName = CreditCard;
			productReference = F4439541195258C200C3AE84 /* CreditCard.app */;
			productType = "com.apple.product-type.application";
		};
		F4439561195258C200C3AE84 /* CreditCardTests */ = {
			isa = PBXNativeTarget;
			buildConfigurationList = F4439576195258C200C3AE84 /* Build configuration list for PBXNativeTarget "CreditCardTests" */;
			buildPhases = (
				F443955E195258C200C3AE84 /* Sources */,
				F443955F195258C200C3AE84 /* Frameworks */,
				F4439560195258C200C3AE84 /* Resources */,
			);
			buildRules = (
			);
			dependencies = (
				F4439568195258C200C3AE84 /* PBXTargetDependency */,
			);
			name = CreditCardTests;
			productName = CreditCardTests;
			productReference = F4439562195258C200C3AE84 /* CreditCardTests.xctest */;
			productType = "com.apple.product-type.bundle.unit-test";
		};
/* End PBXNativeTarget section */

/* Begin PBXProject section */
		F4439539195258C200C3AE84 /* Project object */ = {
			isa = PBXProject;
			attributes = {
				LastUpgradeCheck = 0510;
				ORGANIZATIONNAME = APR;
				TargetAttributes = {
					F4439561195258C200C3AE84 = {
						TestTargetID = F4439540195258C200C3AE84;
					};
				};
			};
			buildConfigurationList = F443953C195258C200C3AE84 /* Build configuration list for PBXProject "CreditCard" */;
			compatibilityVersion = "Xcode 3.2";
			developmentRegion = English;
			hasScannedForEncodings = 0;
			knownRegions = (
				en,
				Base,
			);
			mainGroup = F4439538195258C200C3AE84;
			productRefGroup = F4439542195258C200C3AE84 /* Products */;
			projectDirPath = "";
			projectRoot = "";
			targets = (
				F4439540195258C200C3AE84 /* CreditCard */,
				F4439561195258C200C3AE84 /* CreditCardTests */,
			);
		};
/* End PBXProject section */

/* Begin PBXResourcesBuildPhase section */
		F443953F195258C200C3AE84 /* Resources */ = {
			isa = PBXResourcesBuildPhase;
			buildActionMask = 2147483647;
			files = (
				F443955D195258C200C3AE84 /* Images.xcassets in Resources */,
				F443954F195258C200C3AE84 /* InfoPlist.strings in Resources */,
				F4439558195258C200C3AE84 /* Main.storyboard in Resources */,
			);
			runOnlyForDeploymentPostprocessing = 0;
		};
		F4439560195258C200C3AE84 /* Resources */ = {
			isa = PBXResourcesBuildPhase;
			buildActionMask = 2147483647;
			files = (
				F443956E195258C200C3AE84 /* InfoPlist.strings in Resources */,
			);
			runOnlyForDeploymentPostprocessing = 0;
		};
/* End PBXResourcesBuildPhase section */

/* Begin PBXSourcesBuildPhase section */
		F443953D195258C200C3AE84 /* Sources */ = {
			isa = PBXSourcesBuildPhase;
			buildActionMask = 2147483647;
			files = (
				F443955B195258C200C3AE84 /* ViewController.m in Sources */,
				F4439555195258C200C3AE84 /* AppDelegate.m in Sources */,
				F4439551195258C200C3AE84 /* main.m in Sources */,
				F43C6AB119548B0F008858FC /* CreditCardView.m in Sources */,
			);
			runOnlyForDeploymentPostprocessing = 0;
		};
		F443955E195258C200C3AE84 /* Sources */ = {
			isa = PBXSourcesBuildPhase;
			buildActionMask = 2147483647;
			files = (
				F4439570195258C200C3AE84 /* CreditCardTests.m in Sources */,
			);
			runOnlyForDeploymentPostprocessing = 0;
		};
/* End PBXSourcesBuildPhase section */

/* Begin PBXTargetDependency section */
		F4439568195258C200C3AE84 /* PBXTargetDependency */ = {
			isa = PBXTargetDependency;
			target = F4439540195258C200C3AE84 /* CreditCard */;
			targetProxy = F4439567195258C200C3AE84 /* PBXContainerItemProxy */;
		};
/* End PBXTargetDependency section */

/* Begin PBXVariantGroup section */
		F443954D195258C200C3AE84 /* InfoPlist.strings */ = {
			isa = PBXVariantGroup;
			children = (
				F443954E195258C200C3AE84 /* en */,
			);
			name = InfoPlist.strings;
			sourceTree = "<group>";
		};
		F4439556195258C200C3AE84 /* Main.storyboard */ = {
			isa = PBXVariantGroup;
			children = (
				F4439557195258C200C3AE84 /* Base */,
			);
			name = Main.storyboard;
			sourceTree = "<group>";
		};
		F443956C195258C200C3AE84 /* InfoPlist.strings */ = {
			isa = PBXVariantGroup;
			children = (
				F443956D195258C200C3AE84 /* en */,
			);
			name = InfoPlist.strings;
			sourceTree = "<group>";
		};
/* End PBXVariantGroup section */

/* Begin XCBuildConfiguration section */
		F4439571195258C200C3AE84 /* Debug */ = {
			isa = XCBuildConfiguration;
			buildSettings = {
				ALWAYS_SEARCH_USER_PATHS = NO;
				CLANG_CXX_LANGUAGE_STANDARD = "gnu++0x";
				CLANG_CXX_LIBRARY = "libc++";
				CLANG_ENABLE_MODULES = YES;
				CLANG_ENABLE_OBJC_ARC = YES;
				CLANG_WARN_BOOL_CONVERSION = YES;
				CLANG_WARN_CONSTANT_CONVERSION = YES;
				CLANG_WARN_DIRECT_OBJC_ISA_USAGE = YES_ERROR;
				CLANG_WARN_EMPTY_BODY = YES;
				CLANG_WARN_ENUM_CONVERSION = YES;
				CLANG_WARN_INT_CONVERSION = YES;
				CLANG_WARN_OBJC_ROOT_CLASS = YES_ERROR;
				CLANG_WARN__DUPLICATE_METHOD_MATCH = YES;
				"CODE_SIGN_IDENTITY[sdk=iphoneos*]" = "iPhone Developer";
				COPY_PHASE_STRIP = NO;
				GCC_C_LANGUAGE_STANDARD = gnu99;
				GCC_DYNAMIC_NO_PIC = NO;
				GCC_OPTIMIZATION_LEVEL = 0;
				GCC_PREPROCESSOR_DEFINITIONS = (
					"DEBUG=1",
					"$(inherited)",
				);
				GCC_SYMBOLS_PRIVATE_EXTERN = NO;
				GCC_WARN_64_TO_32_BIT_CONVERSION = YES;
				GCC_WARN_ABOUT_RETURN_TYPE = YES_ERROR;
				GCC_WARN_UNDECLARED_SELECTOR = YES;
				GCC_WARN_UNINITIALIZED_AUTOS = YES_AGGRESSIVE;
				GCC_WARN_UNUSED_FUNCTION = YES;
				GCC_WARN_UNUSED_VARIABLE = YES;
				IPHONEOS_DEPLOYMENT_TARGET = 7.1;
				ONLY_ACTIVE_ARCH = YES;
				SDKROOT = iphoneos;
			};
			name = Debug;
		};
		F4439572195258C200C3AE84 /* Release */ = {
			isa = XCBuildConfiguration;
			buildSettings = {
				ALWAYS_SEARCH_USER_PATHS = NO;
				CLANG_CXX_LANGUAGE_STANDARD = "gnu++0x";
				CLANG_CXX_LIBRARY = "libc++";
				CLANG_ENABLE_MODULES = YES;
				CLANG_ENABLE_OBJC_ARC = YES;
				CLANG_WARN_BOOL_CONVERSION = YES;
				CLANG_WARN_CONSTANT_CONVERSION = YES;
				CLANG_WARN_DIRECT_OBJC_ISA_USAGE = YES_ERROR;
				CLANG_WARN_EMPTY_BODY = YES;
				CLANG_WARN_ENUM_CONVERSION = YES;
				CLANG_WARN_INT_CONVERSION = YES;
				CLANG_WARN_OBJC_ROOT_CLASS = YES_ERROR;
				CLANG_WARN__DUPLICATE_METHOD_MATCH = YES;
				"CODE_SIGN_IDENTITY[sdk=iphoneos*]" = "iPhone Developer";
				COPY_PHASE_STRIP = YES;
				ENABLE_NS_ASSERTIONS = NO;
				GCC_C_LANGUAGE_STANDARD = gnu99;
				GCC_WARN_64_TO_32_BIT_CONVERSION = YES;
				GCC_WARN_ABOUT_RETURN_TYPE = YES_ERROR;
				GCC_WARN_UNDECLARED_SELECTOR = YES;
				GCC_WARN_UNINITIALIZED_AUTOS = YES_AGGRESSIVE;
				GCC_WARN_UNUSED_FUNCTION = YES;
				GCC_WARN_UNUSED_VARIABLE = YES;
				IPHONEOS_DEPLOYMENT_TARGET = 7.1;
				SDKROOT = iphoneos;
				VALIDATE_PRODUCT = YES;
			};
			name = Release;
		};
		F4439574195258C200C3AE84 /* Debug */ = {
			isa = XCBuildConfiguration;
			buildSettings = {
				ASSETCATALOG_COMPILER_APPICON_NAME = AppIcon;
				ASSETCATALOG_COMPILER_LAUNCHIMAGE_NAME = LaunchImage;
				GCC_PRECOMPILE_PREFIX_HEADER = YES;
				GCC_PREFIX_HEADER = "CreditCard/CreditCard-Prefix.pch";
				INFOPLIST_FILE = "CreditCard/CreditCard-Info.plist";
				PRODUCT_NAME = "$(TARGET_NAME)";
				WRAPPER_EXTENSION = app;
			};
			name = Debug;
		};
		F4439575195258C200C3AE84 /* Release */ = {
			isa = XCBuildConfiguration;
			buildSettings = {
				ASSETCATALOG_COMPILER_APPICON_NAME = AppIcon;
				ASSETCATALOG_COMPILER_LAUNCHIMAGE_NAME = LaunchImage;
				GCC_PRECOMPILE_PREFIX_HEADER = YES;
				GCC_PREFIX_HEADER = "CreditCard/CreditCard-Prefix.pch";
				INFOPLIST_FILE = "CreditCard/CreditCard-Info.plist";
				PRODUCT_NAME = "$(TARGET_NAME)";
				WRAPPER_EXTENSION = app;
			};
			name = Release;
		};
		F4439577195258C200C3AE84 /* Debug */ = {
			isa = XCBuildConfiguration;
			buildSettings = {
				BUNDLE_LOADER = "$(BUILT_PRODUCTS_DIR)/CreditCard.app/CreditCard";
				FRAMEWORK_SEARCH_PATHS = (
					"$(SDKROOT)/Developer/Library/Frameworks",
					"$(inherited)",
					"$(DEVELOPER_FRAMEWORKS_DIR)",
				);
				GCC_PRECOMPILE_PREFIX_HEADER = YES;
				GCC_PREFIX_HEADER = "CreditCard/CreditCard-Prefix.pch";
				GCC_PREPROCESSOR_DEFINITIONS = (
					"DEBUG=1",
					"$(inherited)",
				);
				INFOPLIST_FILE = "CreditCardTests/CreditCardTests-Info.plist";
				PRODUCT_NAME = "$(TARGET_NAME)";
				TEST_HOST = "$(BUNDLE_LOADER)";
				WRAPPER_EXTENSION = xctest;
			};
			name = Debug;
		};
		F4439578195258C200C3AE84 /* Release */ = {
			isa = XCBuildConfiguration;
			buildSettings = {
				BUNDLE_LOADER = "$(BUILT_PRODUCTS_DIR)/CreditCard.app/CreditCard";
				FRAMEWORK_SEARCH_PATHS = (
					"$(SDKROOT)/Developer/Library/Frameworks",
					"$(inherited)",
					"$(DEVELOPER_FRAMEWORKS_DIR)",
				);
				GCC_PRECOMPILE_PREFIX_HEADER = YES;
				GCC_PREFIX_HEADER = "CreditCard/CreditCard-Prefix.pch";
				INFOPLIST_FILE = "CreditCardTests/CreditCardTests-Info.plist";
				PRODUCT_NAME = "$(TARGET_NAME)";
				TEST_HOST = "$(BUNDLE_LOADER)";
				WRAPPER_EXTENSION = xctest;
			};
			name = Release;
		};
/* End XCBuildConfiguration section */

/* Begin XCConfigurationList section */
		F443953C195258C200C3AE84 /* Build configuration list for PBXProject "CreditCard" */ = {
			isa = XCConfigurationList;
			buildConfigurations = (
				F4439571195258C200C3AE84 /* Debug */,
				F4439572195258C200C3AE84 /* Release */,
			);
			defaultConfigurationIsVisible = 0;
			defaultConfigurationName = Release;
		};
		F4439573195258C200C3AE84 /* Build configuration list for PBXNativeTarget "CreditCard" */ = {
			isa = XCConfigurationList;
			buildConfigurations = (
				F4439574195258C200C3AE84 /* Debug */,
				F4439575195258C200C3AE84 /* Release */,
			);
			defaultConfigurationIsVisible = 0;
			defaultConfigurationName = Release;
		};
		F4439576195258C200C3AE84 /* Build configuration list for PBXNativeTarget "CreditCardTests" */ = {
			isa = XCConfigurationList;
			buildConfigurations = (
				F4439577195258C200C3AE84 /* Debug */,
				F4439578195258C200C3AE84 /* Release */,
			);
			defaultConfigurationIsVisible = 0;
			defaultConfigurationName = Release;
		};
/* End XCConfigurationList section */
	};
	rootObject = F4439539195258C200C3AE84 /* Project object */;
}
